<?xml version="1.0" encoding="utf-8"?>
<Project ToolsVersion="4.0" xmlns="http://schemas.microsoft.com/developer/msbuild/2003">
  <ItemGroup>
    <Filter Include="Source Files">
      <UniqueIdentifier>{4FC737F1-C7A5-4376-A066-2A32D752A2FF}</UniqueIdentifier>
      <Extensions>cpp;c;cc;cxx;c++;cppm;ixx;def;odl;idl;hpj;bat;asm;asmx</Extensions>
    </Filter>
    <Filter Include="Header Files">
      <UniqueIdentifier>{93995380-89BD-4b04-88EB-625FBE52EBFB}</UniqueIdentifier>
      <Extensions>h;hh;hpp;hxx;h++;hm;inl;inc;ipp;xsd</Extensions>
    </Filter>
    <Filter Include="Resource Files">
      <UniqueIdentifier>{67DA6AB6-F800-4c08-8B7A-83BB121AAD01}</UniqueIdentifier>
      <Extensions>rc;ico;cur;bmp;dlg;rc2;rct;bin;rgs;gif;jpg;jpeg;jpe;resx;tiff;tif;png;wav;mfcribbon-ms</Extensions>
    </Filter>
  </ItemGroup>
  <ItemGroup>
    <ResourceCompile Include="app.rc">
      <Filter>Resource Files</Filter>
    </ResourceCompile>
  </ItemGroup>
  <ItemGroup>
    <ClInclude Include="Resource.h">
      <Filter>Header Files</Filter>
    </ClInclude>
    <ClInclude Include="pch.h">
      <Filter>Header Files</Filter>
    </ClInclude>
    <ClInclude Include="Form1.h">
      <Filter>Header Files</Filter>
    </ClInclude>
    <ClInclude Include="MyForm.h">
      <Filter>Header Files</Filter>
    </ClInclude>
    <ClInclude Include="CrearUsuarios.h">
      <Filter>Header Files</Filter>
    </ClInclude>
    <ClInclude Include="Opciones.h">
      <Filter>Header Files</Filter>
    </ClInclude>
    <ClInclude Include="Conexiones.h">
      <Filter>Header Files</Filter>
    </ClInclude>
    <ClInclude Include="Vistas.h">
      <Filter>Header Files</Filter>
    </ClInclude>
    <ClInclude Include="Procedimientos.h">
      <Filter>Header Files</Filter>
    </ClInclude>
    <ClInclude Include="Disparadores.h">
      <Filter>Header Files</Filter>
    </ClInclude>
    <ClInclude Include="Usuarios.h">
      <Filter>Header Files</Filter>
    </ClInclude>
    <ClInclude Include="Indices.h">
      <Filter>Header Files</Filter>
    </ClInclude>
    <ClInclude Include="Funciones.h">
      <Filter>Header Files</Filter>
    </ClInclude>
    <ClInclude Include="Secuencias.h">
      <Filter>Header Files</Filter>
    </ClInclude>
    <ClInclude Include="Tablespaces.h">
      <Filter>Header Files</Filter>
    </ClInclude>
    <ClInclude Include="CrearTabla.h">
      <Filter>Header Files</Filter>
    </ClInclude>
    <ClInclude Include="SQL.h">
      <Filter>Header Files</Filter>
    </ClInclude>
    <ClInclude Include="CrearVista.h">
      <Filter>Header Files</Filter>
    </ClInclude>
    <ClInclude Include="CrearProcedimiento.h">
      <Filter>Header Files</Filter>
    </ClInclude>
    <ClInclude Include="CrearFunciones.h">
      <Filter>Header Files</Filter>
    </ClInclude>
    <ClInclude Include="CrearSecuencias.h">
      <Filter>Header Files</Filter>
    </ClInclude>
    <ClInclude Include="CrearDisparadores.h">
      <Filter>Header Files</Filter>
    </ClInclude>
    <ClInclude Include="CrearTablespace.h">
      <Filter>Header Files</Filter>
    </ClInclude>
    <ClInclude Include="CrearIndices.h">
      <Filter>Header Files</Filter>
    </ClInclude>
    <ClInclude Include="EliminarDisparador.h">
      <Filter>Header Files</Filter>
    </ClInclude>
    <ClInclude Include="EliminarProcedimiento.h">
      <Filter>Header Files</Filter>
    </ClInclude>
    <ClInclude Include="EliminarFuncion.h">
      <Filter>Header Files</Filter>
    </ClInclude>
    <ClInclude Include="EliminarIndice.h">
      <Filter>Header Files</Filter>
    </ClInclude>
    <ClInclude Include="EliminarSecuencia.h">
      <Filter>Header Files</Filter>
    </ClInclude>
    <ClInclude Include="EliminarTablespaces.h">
      <Filter>Header Files</Filter>
    </ClInclude>
    <ClInclude Include="ModificarTabla.h">
      <Filter>Header Files</Filter>
    </ClInclude>
    <ClInclude Include="ModificarVista.h">
      <Filter>Header Files</Filter>
    </ClInclude>
    <ClInclude Include="EliminarUsuario.h">
      <Filter>Header Files</Filter>
    </ClInclude>
    <ClInclude Include="ModificarUsuario.h">
      <Filter>Header Files</Filter>
    </ClInclude>
    <ClInclude Include="DDLTABLAS.h">
      <Filter>Header Files</Filter>
    </ClInclude>
    <ClInclude Include="DDLVistas.h">
      <Filter>Header Files</Filter>
    </ClInclude>
    <ClInclude Include="DDLDisparador.h">
      <Filter>Header Files</Filter>
    </ClInclude>
    <ClInclude Include="DDLProcedi.h">
      <Filter>Header Files</Filter>
    </ClInclude>
    <ClInclude Include="DDLFunciones.h">
      <Filter>Header Files</Filter>
    </ClInclude>
    <ClInclude Include="DDLSecuencias.h">
      <Filter>Header Files</Filter>
    </ClInclude>
    <ClInclude Include="DDLIndices.h">
      <Filter>Header Files</Filter>
    </ClInclude>
    <ClInclude Include="DDLUsuarios.h">
      <Filter>Header Files</Filter>
    </ClInclude>
    <ClInclude Include="DDLdbspaces.h">
      <Filter>Header Files</Filter>
    </ClInclude>
    <ClInclude Include="ModificarFunciones.h">
      <Filter>Header Files</Filter>
    </ClInclude>
    <ClInclude Include="ModificarProcedimeintos.h">
      <Filter>Header Files</Filter>
    </ClInclude>
    <ClInclude Include="ModificarIndice.h">
      <Filter>Header Files</Filter>
    </ClInclude>
    <ClInclude Include="ModificarDisparador.h">
      <Filter>Header Files</Filter>
    </ClInclude>
    <ClInclude Include="ModificarSecuencias.h">
      <Filter>Header Files</Filter>
    </ClInclude>
    <ClInclude Include="ModificarDBspace.h">
      <Filter>Header Files</Filter>
    </ClInclude>
    <ClInclude Include="ModificarTablas2.h">
      <Filter>Header Files</Filter>
    </ClInclude>
  </ItemGroup>
  <ItemGroup>
    <ClCompile Include="CppCLR_WinFormsProject.cpp">
      <Filter>Source Files</Filter>
    </ClCompile>
    <ClCompile Include="AssemblyInfo.cpp">
      <Filter>Source Files</Filter>
    </ClCompile>
    <ClCompile Include="pch.cpp">
      <Filter>Source Files</Filter>
    </ClCompile>
    <ClCompile Include="Form1.cpp">
      <Filter>Source Files</Filter>
    </ClCompile>
    <ClCompile Include="Conexion.cpp">
      <Filter>Source Files</Filter>
    </ClCompile>
    <ClCompile Include="MyForm.cpp">
      <Filter>Source Files</Filter>
    </ClCompile>
    <ClCompile Include="CrearUsuarios.cpp">
      <Filter>Header Files</Filter>
    </ClCompile>
    <ClCompile Include="Opciones.cpp">
      <Filter>Source Files</Filter>
    </ClCompile>
    <ClCompile Include="Conexiones.cpp">
      <Filter>Source Files</Filter>
    </ClCompile>
    <ClCompile Include="Vistas.cpp">
      <Filter>Source Files</Filter>
    </ClCompile>
    <ClCompile Include="Procedimientos.cpp">
      <Filter>Source Files</Filter>
    </ClCompile>
    <ClCompile Include="Disparadores.cpp">
      <Filter>Source Files</Filter>
    </ClCompile>
    <ClCompile Include="Usuarios.cpp">
      <Filter>Source Files</Filter>
    </ClCompile>
    <ClCompile Include="Indices.cpp">
      <Filter>Header Files</Filter>
    </ClCompile>
    <ClCompile Include="Funciones.cpp">
      <Filter>Source Files</Filter>
    </ClCompile>
    <ClCompile Include="Secuencias.cpp">
      <Filter>Source Files</Filter>
    </ClCompile>
    <ClCompile Include="Tablespaces.cpp">
      <Filter>Source Files</Filter>
    </ClCompile>
    <ClCompile Include="CrearTabla.cpp">
      <Filter>Source Files</Filter>
    </ClCompile>
    <ClCompile Include="SQL.cpp">
      <Filter>Source Files</Filter>
    </ClCompile>
    <ClCompile Include="CrearVista.cpp">
      <Filter>Source Files</Filter>
    </ClCompile>
    <ClCompile Include="CrearProcedimiento.cpp">
      <Filter>Source Files</Filter>
    </ClCompile>
    <ClCompile Include="CrearFunciones.cpp">
      <Filter>Source Files</Filter>
    </ClCompile>
    <ClCompile Include="CrearSecuencias.cpp">
      <Filter>Source Files</Filter>
    </ClCompile>
    <ClCompile Include="CrearDisparadores.cpp">
      <Filter>Source Files</Filter>
    </ClCompile>
    <ClCompile Include="CrearTablespace.cpp">
      <Filter>Source Files</Filter>
    </ClCompile>
    <ClCompile Include="CrearIndices.cpp">
      <Filter>Source Files</Filter>
    </ClCompile>
    <ClCompile Include="EliminarDisparador.cpp">
      <Filter>Source Files</Filter>
    </ClCompile>
    <ClCompile Include="EliminarProcedimiento.cpp">
      <Filter>Source Files</Filter>
    </ClCompile>
    <ClCompile Include="EliminarFuncion.cpp">
      <Filter>Source Files</Filter>
    </ClCompile>
    <ClCompile Include="EliminarIndice.cpp">
      <Filter>Source Files</Filter>
    </ClCompile>
    <ClCompile Include="EliminarSecuencia.cpp">
      <Filter>Source Files</Filter>
    </ClCompile>
    <ClCompile Include="EliminarTablespaces.cpp">
      <Filter>Source Files</Filter>
    </ClCompile>
    <ClCompile Include="ModificarTabla.cpp">
      <Filter>Source Files</Filter>
    </ClCompile>
    <ClCompile Include="ModificarVista.cpp">
      <Filter>Source Files</Filter>
    </ClCompile>
    <ClCompile Include="EliminarUsuario.cpp">
      <Filter>Source Files</Filter>
    </ClCompile>
    <ClCompile Include="ModificarUsuario.cpp">
      <Filter>Source Files</Filter>
    </ClCompile>
    <ClCompile Include="DDLTABLAS.cpp">
      <Filter>Source Files</Filter>
    </ClCompile>
    <ClCompile Include="DDLVistas.cpp">
      <Filter>Source Files</Filter>
    </ClCompile>
    <ClCompile Include="DDLDisparador.cpp">
      <Filter>Source Files</Filter>
    </ClCompile>
    <ClCompile Include="DDLProcedi.cpp">
      <Filter>Source Files</Filter>
    </ClCompile>
    <ClCompile Include="DDLFunciones.cpp">
      <Filter>Source Files</Filter>
    </ClCompile>
    <ClCompile Include="DDLSecuencias.cpp">
      <Filter>Source Files</Filter>
    </ClCompile>
    <ClCompile Include="DDLIndices.cpp">
      <Filter>Source Files</Filter>
    </ClCompile>
    <ClCompile Include="DDLUsuarios.cpp">
      <Filter>Source Files</Filter>
    </ClCompile>
    <ClCompile Include="DDLdbspaces.cpp">
      <Filter>Source Files</Filter>
    </ClCompile>
    <ClCompile Include="ModificarFunciones.cpp">
      <Filter>Source Files</Filter>
    </ClCompile>
    <ClCompile Include="ModificarProcedimeintos.cpp">
      <Filter>Source Files</Filter>
    </ClCompile>
    <ClCompile Include="ModificarIndice.cpp">
      <Filter>Source Files</Filter>
    </ClCompile>
    <ClCompile Include="ModificarDisparador.cpp">
      <Filter>Source Files</Filter>
    </ClCompile>
    <ClCompile Include="ModificarSecuencias.cpp">
      <Filter>Source Files</Filter>
    </ClCompile>
    <ClCompile Include="ModificarDBspace.cpp">
      <Filter>Source Files</Filter>
    </ClCompile>
    <ClCompile Include="ModificarTablas2.cpp">
      <Filter>Source Files</Filter>
    </ClCompile>
  </ItemGroup>
  <ItemGroup>
    <Image Include="app.ico">
      <Filter>Resource Files</Filter>
    </Image>
  </ItemGroup>
  <ItemGroup>
    <None Include="ClassDiagram.cd" />
  </ItemGroup>
</Project>